<?xml version="1.0" encoding="utf-8"?>
<Project ToolsVersion="4.0" xmlns="http://schemas.microsoft.com/developer/msbuild/2003">
  <ItemGroup>
    <Filter Include="Source Files">
      <UniqueIdentifier>{4FC737F1-C7A5-4376-A066-2A32D752A2FF}</UniqueIdentifier>
      <Extensions>cpp;c;cc;cxx;c++;cppm;ixx;def;odl;idl;hpj;bat;asm;asmx</Extensions>
    </Filter>
    <Filter Include="Header Files">
      <UniqueIdentifier>{93995380-89BD-4b04-88EB-625FBE52EBFB}</UniqueIdentifier>
      <Extensions>h;hh;hpp;hxx;h++;hm;inl;inc;ipp;xsd</Extensions>
    </Filter>
    <Filter Include="Resource Files">
      <UniqueIdentifier>{67DA6AB6-F800-4c08-8B7A-83BB121AAD01}</UniqueIdentifier>
      <Extensions>rc;ico;cur;bmp;dlg;rc2;rct;bin;rgs;gif;jpg;jpeg;jpe;resx;tiff;tif;png;wav;mfcribbon-ms</Extensions>
    </Filter>
  </ItemGroup>
  <ItemGroup>
    <ClCompile Include="main.cpp">
      <Filter>Source Files</Filter>
    </ClCompile>
    <ClCompile Include="Src\Utils\Logger\Logger.cpp">
      <Filter>Source Files</Filter>
    </ClCompile>
    <ClCompile Include="Src\Utils\FileSystem\FileSystem.cpp">
      <Filter>Source Files</Filter>
    </ClCompile>
    <ClCompile Include="Src\Utils\SweetLoader\SweetLoader.cpp">
      <Filter>Source Files</Filter>
    </ClCompile>
    <ClCompile Include="Src\WindowsManager\WindowsSystem.cpp">
      <Filter>Source Files</Filter>
    </ClCompile>
    <ClCompile Include="Src\ExceptionManager\IException.cpp">
      <Filter>Source Files</Filter>
    </ClCompile>
    <ClCompile Include="Src\SystemManager\DependencyHandler\DependencyHandler.cpp">
      <Filter>Source Files</Filter>
    </ClCompile>
    <ClCompile Include="Src\RenderManager\RenderSystem.cpp">
      <Filter>Source Files</Filter>
    </ClCompile>
    <ClCompile Include="Src\ExceptionManager\RenderException.cpp">
      <Filter>Source Files</Filter>
    </ClCompile>
    <ClCompile Include="Src\ExceptionManager\WindowsException.cpp">
      <Filter>Source Files</Filter>
    </ClCompile>
    <ClCompile Include="Src\SystemManager\EventQueue\EventQueue.cpp">
      <Filter>Source Files</Filter>
    </ClCompile>
    <ClCompile Include="Src\ApplicationManager\IApplication.cpp">
      <Filter>Source Files</Filter>
    </ClCompile>
    <ClCompile Include="Src\WindowsManager\Components\MouseHandler.cpp">
      <Filter>Source Files</Filter>
    </ClCompile>
    <ClCompile Include="Src\WindowsManager\Components\KeyboardHandler.cpp">
      <Filter>Source Files</Filter>
    </ClCompile>
    <ClCompile Include="Src\RenderManager\Components\ShaderResource\ShaderResource.cpp">
      <Filter>Source Files</Filter>
    </ClCompile>
    <ClCompile Include="Src\RenderManager\Components\ShaderResource\Blob\BlobBuilder.cpp">
      <Filter>Source Files</Filter>
    </ClCompile>
    <ClCompile Include="Src\RenderManager\Components\ShaderResource\VertexShader\VertexShader.cpp">
      <Filter>Source Files</Filter>
    </ClCompile>
    <ClCompile Include="Src\RenderManager\Components\ShaderResource\PixelShader\PixelShader.cpp">
      <Filter>Source Files</Filter>
    </ClCompile>
    <ClCompile Include="Src\RenderManager\Model\Cube\ModelCube.cpp">
      <Filter>Source Files</Filter>
    </ClCompile>
    <ClCompile Include="Src\RenderManager\Camera\CameraController.cpp">
      <Filter>Source Files</Filter>
    </ClCompile>
    <ClCompile Include="Src\RenderManager\Components\ShaderResource\TextureResource\TextureLoader.cpp">
      <Filter>Source Files</Filter>
    </ClCompile>
    <ClCompile Include="Src\RenderManager\Light\DirectionalLight\DirectionalLight.cpp">
      <Filter>Source Files</Filter>
    </ClCompile>
    <ClCompile Include="Src\RenderManager\Model\IModel.cpp">
      <Filter>Source Files</Filter>
    </ClCompile>
    <ClCompile Include="Src\RenderManager\Interface\IRender.cpp">
      <Filter>Source Files</Filter>
    </ClCompile>
    <ClCompile Include="Src\ApplicationManager\InputHandler\InputHandler.cpp">
      <Filter>Source Files</Filter>
    </ClCompile>
    <ClCompile Include="Src\RenderManager\Sprite\ISprite.cpp">
      <Filter>Source Files</Filter>
    </ClCompile>
    <ClCompile Include="Src\RenderManager\Sprite\WorldSpaceSprite\WorldSpaceSprite.cpp">
      <Filter>Source Files</Filter>
    </ClCompile>
    <ClCompile Include="Src\RenderManager\Sprite\ScreenSprite\ScreenSprite.cpp">
      <Filter>Source Files</Filter>
    </ClCompile>
    <ClCompile Include="Src\RenderManager\Sprite\BackgroundSprite\BackgroundSprite.cpp">
      <Filter>Source Files</Filter>
    </ClCompile>
    <ClCompile Include="Src\RenderManager\Animation\SpriteAnimator\SpriteAnim.cpp">
      <Filter>Source Files</Filter>
    </ClCompile>
    <ClCompile Include="Src\PhysicsManager\PhysicsSystem.cpp">
      <Filter>Source Files</Filter>
    </ClCompile>
    <ClCompile Include="Src\RenderManager\Light\SpotLight\SpotLight.cpp">
      <Filter>Source Files</Filter>
    </ClCompile>
    <ClCompile Include="Src\RenderManager\Light\DirectionalLight\DirectionalLightManager.cpp">
      <Filter>Source Files</Filter>
    </ClCompile>
    <ClCompile Include="Src\RenderManager\Light\SpotLight\SpotLightManager.cpp">
      <Filter>Source Files</Filter>
    </ClCompile>
    <ClCompile Include="Src\RenderManager\Light\LightManager.cpp">
      <Filter>Source Files</Filter>
    </ClCompile>
    <ClCompile Include="Src\RenderManager\Light\PointLight\PointLight.cpp">
      <Filter>Source Files</Filter>
    </ClCompile>
    <ClCompile Include="Src\RenderManager\Light\PointLight\PointLightManager.cpp">
      <Filter>Source Files</Filter>
    </ClCompile>
    <ClCompile Include="Src\RenderManager\RenderQueue\RenderQueue.cpp">
      <Filter>Source Files</Filter>
    </ClCompile>
    <ClCompile Include="Src\RenderManager\Frustum\Frustum.cpp">
      <Filter>Source Files</Filter>
    </ClCompile>
    <ClCompile Include="Src\RenderManager\Interface\ILightSource.cpp">
      <Filter>Source Files</Filter>
    </ClCompile>
    <ClCompile Include="Src\RenderManager\Model\ModelLoader\ModelLoader.cpp">
      <Filter>Source Files</Filter>
    </ClCompile>
    <ClCompile Include="Src\RenderManager\Model\ModelLoader\ObjLoader\ObjLoader.cpp">
      <Filter>Source Files</Filter>
    </ClCompile>
    <ClCompile Include="Src\RenderManager\Model\Mesh\Mesh.cpp">
      <Filter>Source Files</Filter>
    </ClCompile>
    <ClCompile Include="Src\ApplicationManager\EntityUnknownTheGame\EntityUnknownTheGame.cpp">
      <Filter>Source Files</Filter>
    </ClCompile>
    <ClCompile Include="Src\RenderManager\Animation\SpriteAnimator\SpriteAnimStateMachine.cpp">
      <Filter>Source Files</Filter>
    </ClCompile>
    <ClCompile Include="Src\RenderManager\System\RenderDevice.cpp">
      <Filter>Source Files</Filter>
    </ClCompile>
    <ClCompile Include="Src\RenderManager\System\RenderAdapter.cpp">
      <Filter>Source Files</Filter>
    </ClCompile>
    <ClCompile Include="Src\RenderManager\System\RenderDisplaySetting.cpp">
      <Filter>Source Files</Filter>
    </ClCompile>
    <ClCompile Include="Src\RenderManager\System\EURenderTarget.cpp">
      <Filter>Source Files</Filter>
    </ClCompile>
    <ClCompile Include="Src\RenderManager\Interface\IPostEffect.h">
      <Filter>Source Files</Filter>
    </ClCompile>
    <ClCompile Include="Src\Editor\Core\Commands\Commands.cpp">
      <Filter>Source Files</Filter>
    </ClCompile>
    <ClCompile Include="Src\Editor\Core\LevelManager\LevelManager.cpp">
      <Filter>Source Files</Filter>
    </ClCompile>
    <ClCompile Include="Src\Editor\Core\RenderHookPolicy\NoopRenderHookPolicy.cpp">
      <Filter>Source Files</Filter>
    </ClCompile>
    <ClCompile Include="Src\Editor\Core\LevelManager\LevelModel.cpp">
      <Filter>Source Files</Filter>
    </ClCompile>
    <ClCompile Include="Src\Editor\Core\UiPolicy\WidgetPolicy\MainMenuPolicy\ImGuiMainMenuPolicy.cpp">
      <Filter>Source Files</Filter>
    </ClCompile>
    <ClCompile Include="External\imgui\imgui_demo.cpp">
      <Filter>Source Files</Filter>
    </ClCompile>
    <ClCompile Include="External\imgui\imgui_draw.cpp">
      <Filter>Source Files</Filter>
    </ClCompile>
    <ClCompile Include="External\imgui\imgui_impl_dx11.cpp">
      <Filter>Source Files</Filter>
    </ClCompile>
    <ClCompile Include="External\imgui\imgui_impl_win32.cpp">
      <Filter>Source Files</Filter>
    </ClCompile>
    <ClCompile Include="External\imgui\imgui_tables.cpp">
      <Filter>Source Files</Filter>
    </ClCompile>
    <ClCompile Include="External\imgui\imgui_widgets.cpp">
      <Filter>Source Files</Filter>
    </ClCompile>
    <ClCompile Include="External\imgui\imgui.cpp">
      <Filter>Source Files</Filter>
    </ClCompile>
    <ClCompile Include="Src\Editor\Core\UiPolicy\WidgetPolicy\ContentBrowser\ImGuiContentBrowserPolicy.cpp">
      <Filter>Source Files</Filter>
    </ClCompile>
    <ClCompile Include="Src\Editor\Core\UiPolicy\WidgetPolicy\TabsPolicy\ImGuiPanelPolicy.cpp">
      <Filter>Source Files</Filter>
    </ClCompile>
    <ClCompile Include="Src\Editor\Core\UiPolicy\WidgetPolicy\CreationPolicy\ImguiCreationPanel.cpp">
      <Filter>Source Files</Filter>
    </ClCompile>
    <ClCompile Include="Src\Editor\Core\UiPolicy\WidgetPolicy\CreationPolicy\ImguiCreationPanelHorizontal.cpp">
      <Filter>Source Files</Filter>
    </ClCompile>
    <ClCompile Include="Src\Editor\Core\UiPolicy\WidgetPolicy\ThemePolicy\EngineThemePolicy.cpp">
      <Filter>Source Files</Filter>
    </ClCompile>
    <ClCompile Include="Src\Editor\Core\UiPolicy\WidgetPolicy\InspectorPolicy\EngineInspectorPolicy.cpp">
      <Filter>Source Files</Filter>
    </ClCompile>
    <ClCompile Include="Src\Editor\Core\UiPolicy\WidgetPolicy\HeaderPolicy\EngineHeaderPolicy.cpp">
      <Filter>Source Files</Filter>
    </ClCompile>
    <ClCompile Include="Src\Editor\Core\UiPolicy\WidgetPolicy\ToolsPolicy\EngineToolPanelPolicy.cpp">
      <Filter>Source Files</Filter>
    </ClCompile>
    <ClCompile Include="Src\Editor\Core\StoragePolicy\EditorStorage.cpp">
      <Filter>Source Files</Filter>
    </ClCompile>
    <ClCompile Include="Src\Editor\Core\UiPolicy\WidgetPolicy\ThemePolicy\NeonGlassThemePolicy.cpp">
      <Filter>Source Files</Filter>
    </ClCompile>
    <ClCompile Include="Src\Editor\Core\Commands\Category\LevelCommands.cpp">
      <Filter>Source Files</Filter>
    </ClCompile>
    <ClCompile Include="Src\Editor\Core\Commands\Category\LightCommands.cpp">
      <Filter>Source Files</Filter>
    </ClCompile>
    <ClCompile Include="Src\Editor\Core\Commands\Category\MeshCommands.cpp">
      <Filter>Source Files</Filter>
    </ClCompile>
    <ClCompile Include="Src\Editor\Core\Commands\Category\SpriteCommands.cpp">
      <Filter>Source Files</Filter>
    </ClCompile>
    <ClCompile Include="Src\Editor\Core\InputContext\EditorInputHandler.cpp">
      <Filter>Source Files</Filter>
    </ClCompile>
    <ClCompile Include="Src\RenderManager\PostEffect\PostEffect.cpp">
      <Filter>Source Files</Filter>
    </ClCompile>
    <ClCompile Include="Src\RenderManager\PostEffect\PostChain.cpp">
      <Filter>Source Files</Filter>
    </ClCompile>
    <ClCompile Include="Src\RenderManager\ResourcePool\PostEffectPool\PostEffectPool.cpp">
      <Filter>Source Files</Filter>
    </ClCompile>
    <ClCompile Include="External\Imgui\misc\cpp\imgui_stdlib.cpp">
      <Filter>Source Files</Filter>
    </ClCompile>
  </ItemGroup>
  <ItemGroup>
    <ClInclude Include="Src\Utils\Logger\Logger.h">
      <Filter>Header Files</Filter>
    </ClInclude>
    <ClInclude Include="Src\Utils\FileSystem\FileSystem.h">
      <Filter>Header Files</Filter>
    </ClInclude>
    <ClInclude Include="Src\Utils\SweetLoader\SweetLoader.h">
      <Filter>Header Files</Filter>
    </ClInclude>
    <ClInclude Include="Src\WindowsManager\WindowsSystem.h">
      <Filter>Header Files</Filter>
    </ClInclude>
    <ClInclude Include="Src\SystemManager\ISystem.h">
      <Filter>Header Files</Filter>
    </ClInclude>
    <ClInclude Include="Src\Utils\HelperFunctions.h">
      <Filter>Header Files</Filter>
    </ClInclude>
    <ClInclude Include="Src\ExceptionManager\IException.h">
      <Filter>Header Files</Filter>
    </ClInclude>
    <ClInclude Include="Src\SystemManager\DependencyHandler\DependencyHandler.h">
      <Filter>Header Files</Filter>
    </ClInclude>
    <ClInclude Include="Src\RenderManager\RenderSystem.h">
      <Filter>Header Files</Filter>
    </ClInclude>
    <ClInclude Include="Src\RenderManager\ISystemRender.h">
      <Filter>Header Files</Filter>
    </ClInclude>
    <ClInclude Include="Src\SystemManager\PrimaryID.h">
      <Filter>Header Files</Filter>
    </ClInclude>
    <ClInclude Include="Src\ExceptionManager\RenderException.h">
      <Filter>Header Files</Filter>
    </ClInclude>
    <ClInclude Include="Src\ExceptionManager\WindowsException.h">
      <Filter>Header Files</Filter>
    </ClInclude>
    <ClInclude Include="Src\SystemManager\EventQueue\EventQueue.h">
      <Filter>Header Files</Filter>
    </ClInclude>
    <ClInclude Include="Src\ApplicationManager\IApplication.h">
      <Filter>Header Files</Filter>
    </ClInclude>
    <ClInclude Include="Src\WindowsManager\Components\MouseHandler.h">
      <Filter>Header Files</Filter>
    </ClInclude>
    <ClInclude Include="Src\WindowsManager\Components\KeyboardHandler.h">
      <Filter>Header Files</Filter>
    </ClInclude>
    <ClInclude Include="Src\RenderManager\Components\ShaderResource\ShaderResource.h">
      <Filter>Header Files</Filter>
    </ClInclude>
    <ClInclude Include="Src\RenderManager\Components\ConstantBuffer.h">
      <Filter>Header Files</Filter>
    </ClInclude>
    <ClInclude Include="Src\RenderManager\Components\ShaderResource\Blob\BlobBuilder.h">
      <Filter>Header Files</Filter>
    </ClInclude>
    <ClInclude Include="Src\RenderManager\Components\ShaderResource\VertexShader\VertexShader.h">
      <Filter>Header Files</Filter>
    </ClInclude>
    <ClInclude Include="Src\RenderManager\Components\ShaderResource\PixelShader\PixelShader.h">
      <Filter>Header Files</Filter>
    </ClInclude>
    <ClInclude Include="Src\RenderManager\Components\ModelBuffer.h">
      <Filter>Header Files</Filter>
    </ClInclude>
    <ClInclude Include="Src\RenderManager\Model\Cube\ModelCube.h">
      <Filter>Header Files</Filter>
    </ClInclude>
    <ClInclude Include="Src\RenderManager\Camera\CameraController.h">
      <Filter>Header Files</Filter>
    </ClInclude>
    <ClInclude Include="Src\RenderManager\Model\IModel.h">
      <Filter>Header Files</Filter>
    </ClInclude>
    <ClInclude Include="Src\RenderManager\Components\ShaderResource\TextureResource\TextureLoader.h">
      <Filter>Header Files</Filter>
    </ClInclude>
    <ClInclude Include="Src\Utils\Timer\Timer.h">
      <Filter>Header Files</Filter>
    </ClInclude>
    <ClInclude Include="Src\RenderManager\Light\DirectionalLight\DirectionalLight.h">
      <Filter>Header Files</Filter>
    </ClInclude>
    <ClInclude Include="Src\RenderManager\Interface\ILightSource.h">
      <Filter>Header Files</Filter>
    </ClInclude>
    <ClInclude Include="Src\RenderManager\Interface\IRender.h">
      <Filter>Header Files</Filter>
    </ClInclude>
    <ClInclude Include="Src\ApplicationManager\InputHandler\InputHandler.h">
      <Filter>Header Files</Filter>
    </ClInclude>
    <ClInclude Include="Src\RenderManager\Sprite\ISprite.h">
      <Filter>Header Files</Filter>
    </ClInclude>
    <ClInclude Include="Src\RenderManager\Sprite\WorldSpaceSprite\WorldSpaceSprite.h">
      <Filter>Header Files</Filter>
    </ClInclude>
    <ClInclude Include="Src\RenderManager\Sprite\ScreenSprite\ScreenSprite.h">
      <Filter>Header Files</Filter>
    </ClInclude>
    <ClInclude Include="Src\RenderManager\Sprite\BackgroundSprite\BackgroundSprite.h">
      <Filter>Header Files</Filter>
    </ClInclude>
    <ClInclude Include="Src\RenderManager\Animation\SpriteAnimator\SpriteAnim.h">
      <Filter>Header Files</Filter>
    </ClInclude>
    <ClInclude Include="Src\PhysicsManager\PhysicsSystem.h">
      <Filter>Header Files</Filter>
    </ClInclude>
    <ClInclude Include="Src\RenderManager\Light\SpotLight\SpotLight.h">
      <Filter>Header Files</Filter>
    </ClInclude>
    <ClInclude Include="Src\RenderManager\Light\DirectionalLight\DirectionalLightManager.h">
      <Filter>Header Files</Filter>
    </ClInclude>
    <ClInclude Include="Src\RenderManager\Light\SpotLight\SpotLightManager.h">
      <Filter>Header Files</Filter>
    </ClInclude>
    <ClInclude Include="Src\RenderManager\Light\LightManager.h">
      <Filter>Header Files</Filter>
    </ClInclude>
    <ClInclude Include="Src\RenderManager\Light\PointLight\PointLight.h">
      <Filter>Header Files</Filter>
    </ClInclude>
    <ClInclude Include="Src\RenderManager\Light\PointLight\PointLightManager.h">
      <Filter>Header Files</Filter>
    </ClInclude>
    <ClInclude Include="Src\RenderManager\RenderQueue\RenderQueue.h">
      <Filter>Header Files</Filter>
    </ClInclude>
    <ClInclude Include="Src\RenderManager\Frustum\Frustum.h">
      <Filter>Header Files</Filter>
    </ClInclude>
    <ClInclude Include="Src\RenderManager\Model\ModelLoader\ModelLoader.h">
      <Filter>Header Files</Filter>
    </ClInclude>
    <ClInclude Include="Src\RenderManager\Model\ModelLoader\ObjLoader\ObjLoader.h">
      <Filter>Header Files</Filter>
    </ClInclude>
    <ClInclude Include="Src\RenderManager\Model\ModelLoader\ModelMeta.h">
      <Filter>Header Files</Filter>
    </ClInclude>
    <ClInclude Include="Src\RenderManager\Model\Mesh\Mesh.h">
      <Filter>Header Files</Filter>
    </ClInclude>
    <ClInclude Include="Src\Editor\EditorUI.h">
      <Filter>Header Files</Filter>
    </ClInclude>
    <ClInclude Include="Src\ApplicationManager\EntityUnknownTheGame\EntityUnknownTheGame.h">
      <Filter>Header Files</Filter>
    </ClInclude>
    <ClInclude Include="Src\ApplicationManager\EntityUnknownTheGame\Interface\IEntity.h">
      <Filter>Header Files</Filter>
    </ClInclude>
    <ClInclude Include="Src\ApplicationManager\EntityUnknownTheGame\Interface\IActor.h">
      <Filter>Header Files</Filter>
    </ClInclude>
    <ClInclude Include="Src\SystemManager\Registry\RegistryMesh.h">
      <Filter>Header Files</Filter>
    </ClInclude>
    <ClInclude Include="Src\RenderManager\DefineRenders.h">
      <Filter>Header Files</Filter>
    </ClInclude>
    <ClInclude Include="Src\SystemManager\Registry\RegistryLight.h">
      <Filter>Header Files</Filter>
    </ClInclude>
    <ClInclude Include="Src\RenderManager\Light\DefineLights.h">
      <Filter>Header Files</Filter>
    </ClInclude>
    <ClInclude Include="Src\RenderManager\Animation\SpriteAnimator\SpriteAnimStateMachine.h">
      <Filter>Header Files</Filter>
    </ClInclude>
    <ClInclude Include="Src\RenderManager\System\RenderDevice.h">
      <Filter>Header Files</Filter>
    </ClInclude>
    <ClInclude Include="Src\RenderManager\System\RenderAdapter.h">
      <Filter>Header Files</Filter>
    </ClInclude>
    <ClInclude Include="Src\RenderManager\System\RenderDisplaySetting.h">
      <Filter>Header Files</Filter>
    </ClInclude>
    <ClInclude Include="Src\RenderManager\System\EURenderTarget.h">
      <Filter>Header Files</Filter>
    </ClInclude>
    <ClInclude Include="Src\SystemManager\Registry\RegistryComponent.h">
      <Filter>Header Files</Filter>
    </ClInclude>
    <ClInclude Include="Src\Editor\Core\Policies.h">
      <Filter>Header Files</Filter>
    </ClInclude>
    <ClInclude Include="Src\SystemManager\Registry\RegistryTool.h">
      <Filter>Header Files</Filter>
    </ClInclude>
    <ClInclude Include="Src\Editor\Core\DefineTools.h">
      <Filter>Header Files</Filter>
    </ClInclude>
    <ClInclude Include="Src\Editor\Core\Commands\Commands.h">
      <Filter>Header Files</Filter>
    </ClInclude>
    <ClInclude Include="Src\Editor\Core\EditorContext.h">
      <Filter>Header Files</Filter>
    </ClInclude>
    <ClInclude Include="Src\Editor\Core\UiPolicy\UiPolicy.h">
      <Filter>Header Files</Filter>
    </ClInclude>
    <ClInclude Include="Src\Editor\Core\LevelManager\LevelManager.h">
      <Filter>Header Files</Filter>
    </ClInclude>
    <ClInclude Include="Src\Editor\Core\LevelManager\LevelModel.h">
      <Filter>Header Files</Filter>
    </ClInclude>
    <ClInclude Include="Src\Editor\Core\UndoPolicy\UndoPolicy.h">
      <Filter>Header Files</Filter>
    </ClInclude>
    <ClInclude Include="Src\Editor\Core\RenderHookPolicy\NoopRenderHookPolicy.h">
      <Filter>Header Files</Filter>
    </ClInclude>
    <ClInclude Include="Src\Editor\Core\Commands\ICommand.h">
      <Filter>Header Files</Filter>
    </ClInclude>
    <ClInclude Include="Src\Editor\Core\UiPolicy\AssetBrowserPanel.h">
      <Filter>Header Files</Filter>
    </ClInclude>
    <ClInclude Include="Src\Editor\Core\UiPolicy\WidgetPolicy\MainMenuPolicy\ImGuiMainMenuPolicy.h">
      <Filter>Header Files</Filter>
    </ClInclude>
    <ClInclude Include="External\imgui\imconfig.h">
      <Filter>Header Files</Filter>
    </ClInclude>
    <ClInclude Include="External\imgui\imgui.h">
      <Filter>Header Files</Filter>
    </ClInclude>
    <ClInclude Include="External\imgui\imgui_impl_dx11.h">
      <Filter>Header Files</Filter>
    </ClInclude>
    <ClInclude Include="External\imgui\imgui_impl_win32.h">
      <Filter>Header Files</Filter>
    </ClInclude>
    <ClInclude Include="External\imgui\imgui_internal.h">
      <Filter>Header Files</Filter>
    </ClInclude>
    <ClInclude Include="External\imgui\imstb_rectpack.h">
      <Filter>Header Files</Filter>
    </ClInclude>
    <ClInclude Include="External\imgui\imstb_textedit.h">
      <Filter>Header Files</Filter>
    </ClInclude>
    <ClInclude Include="External\imgui\imstb_truetype.h">
      <Filter>Header Files</Filter>
    </ClInclude>
    <ClInclude Include="Src\Editor\Core\UiPolicy\WidgetPolicy\ContentBrowser\ImGuiContentBrowserPolicy.h">
      <Filter>Header Files</Filter>
    </ClInclude>
    <ClInclude Include="Src\Editor\Core\UiPolicy\WidgetPolicy\TabsPolicy\ImGuiPanelPolicy.h">
      <Filter>Header Files</Filter>
    </ClInclude>
    <ClInclude Include="Src\Editor\Core\UiPolicy\WidgetPolicy\CreationPolicy\ImguiCreationPanel.h">
      <Filter>Header Files</Filter>
    </ClInclude>
    <ClInclude Include="Src\Editor\Core\UiPolicy\WidgetPolicy\CreationPolicy\CreationPanelConcepts.h">
      <Filter>Header Files</Filter>
    </ClInclude>
    <ClInclude Include="Src\Editor\Core\UiPolicy\WidgetPolicy\CreationPolicy\ImguiCreationPanelHorizontal.h">
      <Filter>Header Files</Filter>
    </ClInclude>
    <ClInclude Include="Src\Editor\Core\UiPolicy\WidgetPolicy\ThemePolicy\EngineThemePolicy.h">
      <Filter>Header Files</Filter>
    </ClInclude>
    <ClInclude Include="Src\Editor\Core\UiPolicy\WidgetPolicy\InspectorPolicy\EngineInspectorPolicy.h">
      <Filter>Header Files</Filter>
    </ClInclude>
    <ClInclude Include="Src\Editor\Core\UiPolicy\WidgetPolicy\HeaderPolicy\EngineHeaderPolicy.h">
      <Filter>Header Files</Filter>
    </ClInclude>
    <ClInclude Include="Src\Editor\Core\UiPolicy\WidgetPolicy\ToolsPolicy\EngineToolPanelPolicy.h">
      <Filter>Header Files</Filter>
    </ClInclude>
    <ClInclude Include="Src\Editor\Core\StoragePolicy\EditorStorage.h">
      <Filter>Header Files</Filter>
    </ClInclude>
    <ClInclude Include="External\nlohmann\json.hpp">
      <Filter>Header Files</Filter>
    </ClInclude>
    <ClInclude Include="External\nlohmann\json_fwd.hpp">
      <Filter>Header Files</Filter>
    </ClInclude>
    <ClInclude Include="Src\Editor\Core\UiPolicy\WidgetPolicy\ThemePolicy\NeonGlassThemePolicy.h">
      <Filter>Header Files</Filter>
    </ClInclude>
    <ClInclude Include="Src\Editor\Core\Commands\Category\MeshCommands.h">
      <Filter>Header Files</Filter>
    </ClInclude>
    <ClInclude Include="Src\Editor\Core\Commands\Category\LightCommands.h">
      <Filter>Header Files</Filter>
    </ClInclude>
    <ClInclude Include="Src\Editor\Core\Commands\Category\SpriteCommands.h">
      <Filter>Header Files</Filter>
    </ClInclude>
    <ClInclude Include="Src\Editor\Core\Commands\Category\LevelCommands.h">
      <Filter>Header Files</Filter>
    </ClInclude>
    <ClInclude Include="Src\Editor\Core\Commands\Category\GeneralCommands.h">
      <Filter>Header Files</Filter>
    </ClInclude>
    <ClInclude Include="Src\Editor\Core\InputContext\EditorInputHandler.h">
      <Filter>Header Files</Filter>
    </ClInclude>
    <ClInclude Include="Src\RenderManager\PostEffect\PostEffect.h">
      <Filter>Header Files</Filter>
    </ClInclude>
    <ClInclude Include="Src\RenderManager\PostEffect\PostChain.h">
      <Filter>Header Files</Filter>
    </ClInclude>
    <ClInclude Include="Src\RenderManager\ResourcePool\PostEffectPool\PostEffectPool.h">
      <Filter>Header Files</Filter>
    </ClInclude>
    <ClInclude Include="External\Imgui\misc\cpp\imgui_stdlib.h">
      <Filter>Header Files</Filter>
    </ClInclude>
  </ItemGroup>
  <ItemGroup>
    <FxCompile Include="Shader\Shape\CubeShaderPS.hlsl" />
    <FxCompile Include="Shader\Shape\CubeShaderVS.hlsl" />
    <FxCompile Include="Shader\Sprite\SpaceSprite\PixelShader.hlsl" />
    <FxCompile Include="Shader\Sprite\SpaceSprite\VertexShader.hlsl" />
    <FxCompile Include="Shader\Sprite\ScreenSprite\VertexShader.hlsl" />
    <FxCompile Include="Shader\Sprite\ScreenSprite\PixelShader.hlsl" />
    <FxCompile Include="Shader\Post\Post.hlsl" />
    <FxCompile Include="Assets\Shader\Post\FullScreen_VS.hlsl" />
    <FxCompile Include="Assets\Shader\Post\GlitchBloom_PS.hlsl" />
    <FxCompile Include="Assets\Shader\Post\Snow_PS.hlsl" />
    <FxCompile Include="Assets\Shader\Post\Default_PS.hlsl" />
  </ItemGroup>
  <ItemGroup>
    <Image Include="Texture\sample.tga" />
    <Image Include="Texture\test.jpg">
      <Filter>Resource Files</Filter>
    </Image>
    <Image Include="Texture\health.tga" />
    <Image Include="Texture\background.tga" />
    <Image Include="Texture\bird\00_frame.tga" />
    <Image Include="Texture\bird\01_frame.tga" />
    <Image Include="Texture\bird\02_frame.tga" />
    <Image Include="Texture\bird\03_frame.tga" />
    <Image Include="Texture\bird\04_frame.tga" />
    <Image Include="Texture\bird\05_frame.tga" />
    <Image Include="Texture\bird\06_frame.tga" />
    <Image Include="Texture\bird\07_frame.tga" />
  </ItemGroup>
  <ItemGroup>
    <None Include="Texture\Todos.md" />
    <None Include="Todos.md" />
    <None Include="Src\RenderManager\Light\test.md" />
    <None Include="test.md" />
    <None Include="External\imgui\.editorconfig" />
  </ItemGroup>
  <ItemGroup>
    <Object Include="Models\Racer\racer.obj" />
  </ItemGroup>
</Project>